// !$*UTF8*$!
{
	archiveVersion = 1;
	classes = {
	};
	objectVersion = 48;
	objects = {

/* Begin PBXGroup section */
		A4C2D35A1FEB735D00384F46 = {
			isa = PBXGroup;
			children = (
			);
			sourceTree = "<group>";
		};
/* End PBXGroup section */

/* Begin PBXProject section */
		A4C2D35B1FEB735D00384F46 /* Project object */ = {
			isa = PBXProject;
			attributes = {
				LastUpgradeCheck = 0920;
			};
			buildConfigurationList = A4C2D35E1FEB735D00384F46 /* Build configuration list for PBXProject "brotapper" */;
			compatibilityVersion = "Xcode 8.0";
			developmentRegion = en;
			hasScannedForEncodings = 0;
			knownRegions = (
				en,
			);
			mainGroup = A4C2D35A1FEB735D00384F46;
			projectDirPath = "";
			projectRoot = "";
			targets = (
			);
		};
/* End PBXProject section */

/* Begin XCBuildConfiguration section */
		A4C2D35F1FEB735D00384F46 /* Debug */ = {
			isa = XCBuildConfiguration;
			buildSettings = {
			};
			name = Debug;
		};
		A4C2D3601FEB735D00384F46 /* Release */ = {
			isa = XCBuildConfiguration;
			buildSettings = {
			};
			name = Release;
		};
/* End XCBuildConfiguration section */

/* Begin XCConfigurationList section */
		A4C2D35E1FEB735D00384F46 /* Build configuration list for PBXProject "brotapper" */ = {
			isa = XCConfigurationList;
			buildConfigurations = (
				A4C2D35F1FEB735D00384F46 /* Debug */,
				A4C2D3601FEB735D00384F46 /* Release */,
			);
			defaultConfigurationIsVisible = 0;
			defaultConfigurationName = Release;
		};
/* End XCConfigurationList section */
	};
	rootObject = A4C2D35B1FEB735D00384F46 /* Project object */;
}
